
Microsoft Visual Studio Solution File, Format Version 12.00
# Visual Studio Version 16
VisualStudioVersion = 16.0.31313.79
MinimumVisualStudioVersion = 10.0.40219.1
Project("{FAE04EC0-301F-11D3-BF4B-00C04F79EFBC}") = "testProjekt1", "testProjekt1\testProjekt1.csproj", "{130DCD4E-1EDB-4C6D-8293-715869126855}"
EndProject
Project("{FAE04EC0-301F-11D3-BF4B-00C04F79EFBC}") = "NunitShool", "NunitShool\NunitShool.csproj", "{FA3FA385-25CB-4885-8741-10947744C651}"
EndProject
Global
	GlobalSection(SolutionConfigurationPlatforms) = preSolution
		Debug|Any CPU = Debug|Any CPU
		Release|Any CPU = Release|Any CPU
	EndGlobalSection
	GlobalSection(ProjectConfigurationPlatforms) = postSolution
		{130DCD4E-1EDB-4C6D-8293-715869126855}.Debug|Any CPU.ActiveCfg = Debug|Any CPU
		{130DCD4E-1EDB-4C6D-8293-715869126855}.Debug|Any CPU.Build.0 = Debug|Any CPU
		{130DCD4E-1EDB-4C6D-8293-715869126855}.Release|Any CPU.ActiveCfg = Release|Any CPU
		{130DCD4E-1EDB-4C6D-8293-715869126855}.Release|Any CPU.Build.0 = Release|Any CPU
		{FA3FA385-25CB-4885-8741-10947744C651}.Debug|Any CPU.ActiveCfg = Debug|Any CPU
		{FA3FA385-25CB-4885-8741-10947744C651}.Debug|Any CPU.Build.0 = Debug|Any CPU
		{FA3FA385-25CB-4885-8741-10947744C651}.Release|Any CPU.ActiveCfg = Release|Any CPU
		{FA3FA385-25CB-4885-8741-10947744C651}.Release|Any CPU.Build.0 = Release|Any CPU
	EndGlobalSection
	GlobalSection(SolutionProperties) = preSolution
		HideSolutionNode = FALSE
	EndGlobalSection
	GlobalSection(ExtensibilityGlobals) = postSolution
		SolutionGuid = {82931DFB-64B5-44A3-9989-451B71AA6C73}
	EndGlobalSection
EndGlobal
